// !$*UTF8*$!
{
	archiveVersion = 1;
	classes = {
	};
	objectVersion = 46;
	objects = {

/* Begin PBXBuildFile section */
		36C0C52A155296E60087EEAA /* 1_1_100.jpg in Resources */ = {isa = PBXBuildFile; fileRef = 36C0C50A155296E60087EEAA /* 1_1_100.jpg */; };
		36C0C52B155296E60087EEAA /* 1_2_100.jpg in Resources */ = {isa = PBXBuildFile; fileRef = 36C0C50B155296E60087EEAA /* 1_2_100.jpg */; };
		36C0C52C155296E60087EEAA /* 1_3_100.jpg in Resources */ = {isa = PBXBuildFile; fileRef = 36C0C50C155296E60087EEAA /* 1_3_100.jpg */; };
		36C0C52D155296E60087EEAA /* 1_4_100.jpg in Resources */ = {isa = PBXBuildFile; fileRef = 36C0C50D155296E60087EEAA /* 1_4_100.jpg */; };
		36C0C52E155296E60087EEAA /* 2_1_100.jpg in Resources */ = {isa = PBXBuildFile; fileRef = 36C0C50E155296E60087EEAA /* 2_1_100.jpg */; };
		36C0C52F155296E60087EEAA /* 2_2_100.jpg in Resources */ = {isa = PBXBuildFile; fileRef = 36C0C50F155296E60087EEAA /* 2_2_100.jpg */; };
		36C0C530155296E60087EEAA /* 2_3_100.jpg in Resources */ = {isa = PBXBuildFile; fileRef = 36C0C510155296E60087EEAA /* 2_3_100.jpg */; };
		36C0C531155296E60087EEAA /* 2_4_100.jpg in Resources */ = {isa = PBXBuildFile; fileRef = 36C0C511155296E60087EEAA /* 2_4_100.jpg */; };
		36C0C532155296E60087EEAA /* 3_1_100.jpg in Resources */ = {isa = PBXBuildFile; fileRef = 36C0C512155296E60087EEAA /* 3_1_100.jpg */; };
		36C0C533155296E60087EEAA /* 3_2_100.jpg in Resources */ = {isa = PBXBuildFile; fileRef = 36C0C513155296E60087EEAA /* 3_2_100.jpg */; };
		36C0C534155296E60087EEAA /* 3_3_100.jpg in Resources */ = {isa = PBXBuildFile; fileRef = 36C0C514155296E60087EEAA /* 3_3_100.jpg */; };
		36C0C535155296E60087EEAA /* 3_4_100.jpg in Resources */ = {isa = PBXBuildFile; fileRef = 36C0C515155296E60087EEAA /* 3_4_100.jpg */; };
		36C0C536155296E60087EEAA /* 4_1_100.jpg in Resources */ = {isa = PBXBuildFile; fileRef = 36C0C516155296E60087EEAA /* 4_1_100.jpg */; };
		36C0C537155296E60087EEAA /* 4_2_100.jpg in Resources */ = {isa = PBXBuildFile; fileRef = 36C0C517155296E60087EEAA /* 4_2_100.jpg */; };
		36C0C538155296E60087EEAA /* 4_3_100.jpg in Resources */ = {isa = PBXBuildFile; fileRef = 36C0C518155296E60087EEAA /* 4_3_100.jpg */; };
		36C0C539155296E60087EEAA /* 4_4_100.jpg in Resources */ = {isa = PBXBuildFile; fileRef = 36C0C519155296E60087EEAA /* 4_4_100.jpg */; };
		36C0C53A155296E60087EEAA /* 5_1_100.JPG in Resources */ = {isa = PBXBuildFile; fileRef = 36C0C51A155296E60087EEAA /* 5_1_100.JPG */; };
		36C0C53B155296E60087EEAA /* 5_2_100.JPG in Resources */ = {isa = PBXBuildFile; fileRef = 36C0C51B155296E60087EEAA /* 5_2_100.JPG */; };
		36C0C53C155296E60087EEAA /* 5_3_100.JPG in Resources */ = {isa = PBXBuildFile; fileRef = 36C0C51C155296E60087EEAA /* 5_3_100.JPG */; };
		36C0C53D155296E60087EEAA /* 5_4_100.JPG in Resources */ = {isa = PBXBuildFile; fileRef = 36C0C51D155296E60087EEAA /* 5_4_100.JPG */; };
		36C0C53E155296E60087EEAA /* 6_1_100.JPG in Resources */ = {isa = PBXBuildFile; fileRef = 36C0C51E155296E60087EEAA /* 6_1_100.JPG */; };
		36C0C53F155296E60087EEAA /* 6_2_100.JPG in Resources */ = {isa = PBXBuildFile; fileRef = 36C0C51F155296E60087EEAA /* 6_2_100.JPG */; };
		36C0C540155296E60087EEAA /* 6_3_100.JPG in Resources */ = {isa = PBXBuildFile; fileRef = 36C0C520155296E60087EEAA /* 6_3_100.JPG */; };
		36C0C541155296E60087EEAA /* 6_4_100.JPG in Resources */ = {isa = PBXBuildFile; fileRef = 36C0C521155296E60087EEAA /* 6_4_100.JPG */; };
		36C0C542155296E60087EEAA /* 7_1_100.JPG in Resources */ = {isa = PBXBuildFile; fileRef = 36C0C522155296E60087EEAA /* 7_1_100.JPG */; };
		36C0C543155296E60087EEAA /* 7_2_100.JPG in Resources */ = {isa = PBXBuildFile; fileRef = 36C0C523155296E60087EEAA /* 7_2_100.JPG */; };
		36C0C544155296E60087EEAA /* 7_3_100.JPG in Resources */ = {isa = PBXBuildFile; fileRef = 36C0C524155296E60087EEAA /* 7_3_100.JPG */; };
		36C0C545155296E60087EEAA /* 7_4_100.JPG in Resources */ = {isa = PBXBuildFile; fileRef = 36C0C525155296E60087EEAA /* 7_4_100.JPG */; };
		36C0C546155296E60087EEAA /* 8_1_100.JPG in Resources */ = {isa = PBXBuildFile; fileRef = 36C0C526155296E60087EEAA /* 8_1_100.JPG */; };
		36C0C547155296E60087EEAA /* 8_2_100.JPG in Resources */ = {isa = PBXBuildFile; fileRef = 36C0C527155296E60087EEAA /* 8_2_100.JPG */; };
		36C0C548155296E60087EEAA /* 8_3_100.JPG in Resources */ = {isa = PBXBuildFile; fileRef = 36C0C528155296E60087EEAA /* 8_3_100.JPG */; };
		36C0C549155296E60087EEAA /* 8_4_100.JPG in Resources */ = {isa = PBXBuildFile; fileRef = 36C0C529155296E60087EEAA /* 8_4_100.JPG */; };
		DD998C36155208A50089BDB9 /* background.png in Resources */ = {isa = PBXBuildFile; fileRef = DD998C35155208A50089BDB9 /* background.png */; };
		DDCEA859154E41D20089A98F /* UIKit.framework in Frameworks */ = {isa = PBXBuildFile; fileRef = DDCEA858154E41D20089A98F /* UIKit.framework */; };
		DDCEA85B154E41D20089A98F /* Foundation.framework in Frameworks */ = {isa = PBXBuildFile; fileRef = DDCEA85A154E41D20089A98F /* Foundation.framework */; };
		DDCEA85D154E41D20089A98F /* CoreGraphics.framework in Frameworks */ = {isa = PBXBuildFile; fileRef = DDCEA85C154E41D20089A98F /* CoreGraphics.framework */; };
		DDCEA863154E41D20089A98F /* InfoPlist.strings in Resources */ = {isa = PBXBuildFile; fileRef = DDCEA861154E41D20089A98F /* InfoPlist.strings */; };
		DDCEA865154E41D20089A98F /* main.m in Sources */ = {isa = PBXBuildFile; fileRef = DDCEA864154E41D20089A98F /* main.m */; };
		DDCEA869154E41D20089A98F /* AppDelegate.m in Sources */ = {isa = PBXBuildFile; fileRef = DDCEA868154E41D20089A98F /* AppDelegate.m */; };
		DDCEA86C154E41D20089A98F /* MainStoryboard_iPhone.storyboard in Resources */ = {isa = PBXBuildFile; fileRef = DDCEA86A154E41D20089A98F /* MainStoryboard_iPhone.storyboard */; };
		DDCEA86F154E41D20089A98F /* MainStoryboard_iPad.storyboard in Resources */ = {isa = PBXBuildFile; fileRef = DDCEA86D154E41D20089A98F /* MainStoryboard_iPad.storyboard */; };
		DDCEA872154E41D20089A98F /* ViewController.m in Sources */ = {isa = PBXBuildFile; fileRef = DDCEA871154E41D20089A98F /* ViewController.m */; };
		DDCEA87A154E420B0089A98F /* toolbar_bottom.png in Resources */ = {isa = PBXBuildFile; fileRef = DDCEA879154E420B0089A98F /* toolbar_bottom.png */; };
		DDCEA87C154E42160089A98F /* toolbar_top.png in Resources */ = {isa = PBXBuildFile; fileRef = DDCEA87B154E42160089A98F /* toolbar_top.png */; };
		DDCEA87E154E45190089A98F /* star_on.png in Resources */ = {isa = PBXBuildFile; fileRef = DDCEA87D154E45190089A98F /* star_on.png */; };
		DDCEA880154E45240089A98F /* star_off.png in Resources */ = {isa = PBXBuildFile; fileRef = DDCEA87F154E45240089A98F /* star_off.png */; };
		DDCEA882154E45590089A98F /* header_line.png in Resources */ = {isa = PBXBuildFile; fileRef = DDCEA881154E45590089A98F /* header_line.png */; };
		DDCEA884154E45900089A98F /* spisok_off.png in Resources */ = {isa = PBXBuildFile; fileRef = DDCEA883154E45900089A98F /* spisok_off.png */; };
		DDCEA886154E45980089A98F /* spisok_on.png in Resources */ = {isa = PBXBuildFile; fileRef = DDCEA885154E45980089A98F /* spisok_on.png */; };
		DDCEA888154E45A10089A98F /* spisok_top_toolbar.png in Resources */ = {isa = PBXBuildFile; fileRef = DDCEA887154E45A10089A98F /* spisok_top_toolbar.png */; };
		DDCEA88A154E4E7F0089A98F /* square_for_picture_.png in Resources */ = {isa = PBXBuildFile; fileRef = DDCEA889154E4E7F0089A98F /* square_for_picture_.png */; };
/* End PBXBuildFile section */

/* Begin PBXFileReference section */
		36C0C50A155296E60087EEAA /* 1_1_100.jpg */ = {isa = PBXFileReference; lastKnownFileType = image.jpeg; path = 1_1_100.jpg; sourceTree = "<group>"; };
		36C0C50B155296E60087EEAA /* 1_2_100.jpg */ = {isa = PBXFileReference; lastKnownFileType = image.jpeg; path = 1_2_100.jpg; sourceTree = "<group>"; };
		36C0C50C155296E60087EEAA /* 1_3_100.jpg */ = {isa = PBXFileReference; lastKnownFileType = image.jpeg; path = 1_3_100.jpg; sourceTree = "<group>"; };
		36C0C50D155296E60087EEAA /* 1_4_100.jpg */ = {isa = PBXFileReference; lastKnownFileType = image.jpeg; path = 1_4_100.jpg; sourceTree = "<group>"; };
		36C0C50E155296E60087EEAA /* 2_1_100.jpg */ = {isa = PBXFileReference; lastKnownFileType = image.jpeg; path = 2_1_100.jpg; sourceTree = "<group>"; };
		36C0C50F155296E60087EEAA /* 2_2_100.jpg */ = {isa = PBXFileReference; lastKnownFileType = image.jpeg; path = 2_2_100.jpg; sourceTree = "<group>"; };
		36C0C510155296E60087EEAA /* 2_3_100.jpg */ = {isa = PBXFileReference; lastKnownFileType = image.jpeg; path = 2_3_100.jpg; sourceTree = "<group>"; };
		36C0C511155296E60087EEAA /* 2_4_100.jpg */ = {isa = PBXFileReference; lastKnownFileType = image.jpeg; path = 2_4_100.jpg; sourceTree = "<group>"; };
		36C0C512155296E60087EEAA /* 3_1_100.jpg */ = {isa = PBXFileReference; lastKnownFileType = image.jpeg; path = 3_1_100.jpg; sourceTree = "<group>"; };
		36C0C513155296E60087EEAA /* 3_2_100.jpg */ = {isa = PBXFileReference; lastKnownFileType = image.jpeg; path = 3_2_100.jpg; sourceTree = "<group>"; };
		36C0C514155296E60087EEAA /* 3_3_100.jpg */ = {isa = PBXFileReference; lastKnownFileType = image.jpeg; path = 3_3_100.jpg; sourceTree = "<group>"; };
		36C0C515155296E60087EEAA /* 3_4_100.jpg */ = {isa = PBXFileReference; lastKnownFileType = image.jpeg; path = 3_4_100.jpg; sourceTree = "<group>"; };
		36C0C516155296E60087EEAA /* 4_1_100.jpg */ = {isa = PBXFileReference; lastKnownFileType = image.jpeg; path = 4_1_100.jpg; sourceTree = "<group>"; };
		36C0C517155296E60087EEAA /* 4_2_100.jpg */ = {isa = PBXFileReference; lastKnownFileType = image.jpeg; path = 4_2_100.jpg; sourceTree = "<group>"; };
		36C0C518155296E60087EEAA /* 4_3_100.jpg */ = {isa = PBXFileReference; lastKnownFileType = image.jpeg; path = 4_3_100.jpg; sourceTree = "<group>"; };
		36C0C519155296E60087EEAA /* 4_4_100.jpg */ = {isa = PBXFileReference; lastKnownFileType = image.jpeg; path = 4_4_100.jpg; sourceTree = "<group>"; };
		36C0C51A155296E60087EEAA /* 5_1_100.JPG */ = {isa = PBXFileReference; lastKnownFileType = image.jpeg; path = 5_1_100.JPG; sourceTree = "<group>"; };
		36C0C51B155296E60087EEAA /* 5_2_100.JPG */ = {isa = PBXFileReference; lastKnownFileType = image.jpeg; path = 5_2_100.JPG; sourceTree = "<group>"; };
		36C0C51C155296E60087EEAA /* 5_3_100.JPG */ = {isa = PBXFileReference; lastKnownFileType = image.jpeg; path = 5_3_100.JPG; sourceTree = "<group>"; };
		36C0C51D155296E60087EEAA /* 5_4_100.JPG */ = {isa = PBXFileReference; lastKnownFileType = image.jpeg; path = 5_4_100.JPG; sourceTree = "<group>"; };
		36C0C51E155296E60087EEAA /* 6_1_100.JPG */ = {isa = PBXFileReference; lastKnownFileType = image.jpeg; path = 6_1_100.JPG; sourceTree = "<group>"; };
		36C0C51F155296E60087EEAA /* 6_2_100.JPG */ = {isa = PBXFileReference; lastKnownFileType = image.jpeg; path = 6_2_100.JPG; sourceTree = "<group>"; };
		36C0C520155296E60087EEAA /* 6_3_100.JPG */ = {isa = PBXFileReference; lastKnownFileType = image.jpeg; path = 6_3_100.JPG; sourceTree = "<group>"; };
		36C0C521155296E60087EEAA /* 6_4_100.JPG */ = {isa = PBXFileReference; lastKnownFileType = image.jpeg; path = 6_4_100.JPG; sourceTree = "<group>"; };
		36C0C522155296E60087EEAA /* 7_1_100.JPG */ = {isa = PBXFileReference; lastKnownFileType = image.jpeg; path = 7_1_100.JPG; sourceTree = "<group>"; };
		36C0C523155296E60087EEAA /* 7_2_100.JPG */ = {isa = PBXFileReference; lastKnownFileType = image.jpeg; path = 7_2_100.JPG; sourceTree = "<group>"; };
		36C0C524155296E60087EEAA /* 7_3_100.JPG */ = {isa = PBXFileReference; lastKnownFileType = image.jpeg; path = 7_3_100.JPG; sourceTree = "<group>"; };
		36C0C525155296E60087EEAA /* 7_4_100.JPG */ = {isa = PBXFileReference; lastKnownFileType = image.jpeg; path = 7_4_100.JPG; sourceTree = "<group>"; };
		36C0C526155296E60087EEAA /* 8_1_100.JPG */ = {isa = PBXFileReference; lastKnownFileType = image.jpeg; path = 8_1_100.JPG; sourceTree = "<group>"; };
		36C0C527155296E60087EEAA /* 8_2_100.JPG */ = {isa = PBXFileReference; lastKnownFileType = image.jpeg; path = 8_2_100.JPG; sourceTree = "<group>"; };
		36C0C528155296E60087EEAA /* 8_3_100.JPG */ = {isa = PBXFileReference; lastKnownFileType = image.jpeg; path = 8_3_100.JPG; sourceTree = "<group>"; };
		36C0C529155296E60087EEAA /* 8_4_100.JPG */ = {isa = PBXFileReference; lastKnownFileType = image.jpeg; path = 8_4_100.JPG; sourceTree = "<group>"; };
		DD998C35155208A50089BDB9 /* background.png */ = {isa = PBXFileReference; lastKnownFileType = image.png; path = background.png; sourceTree = "<group>"; };
		DDCEA854154E41D20089A98F /* new7steps.app */ = {isa = PBXFileReference; explicitFileType = wrapper.application; includeInIndex = 0; path = new7steps.app; sourceTree = BUILT_PRODUCTS_DIR; };
		DDCEA858154E41D20089A98F /* UIKit.framework */ = {isa = PBXFileReference; lastKnownFileType = wrapper.framework; name = UIKit.framework; path = System/Library/Frameworks/UIKit.framework; sourceTree = SDKROOT; };
		DDCEA85A154E41D20089A98F /* Foundation.framework */ = {isa = PBXFileReference; lastKnownFileType = wrapper.framework; name = Foundation.framework; path = System/Library/Frameworks/Foundation.framework; sourceTree = SDKROOT; };
		DDCEA85C154E41D20089A98F /* CoreGraphics.framework */ = {isa = PBXFileReference; lastKnownFileType = wrapper.framework; name = CoreGraphics.framework; path = System/Library/Frameworks/CoreGraphics.framework; sourceTree = SDKROOT; };
		DDCEA860154E41D20089A98F /* new7steps-Info.plist */ = {isa = PBXFileReference; lastKnownFileType = text.plist.xml; path = "new7steps-Info.plist"; sourceTree = "<group>"; };
		DDCEA862154E41D20089A98F /* en */ = {isa = PBXFileReference; lastKnownFileType = text.plist.strings; name = en; path = en.lproj/InfoPlist.strings; sourceTree = "<group>"; };
		DDCEA864154E41D20089A98F /* main.m */ = {isa = PBXFileReference; lastKnownFileType = sourcecode.c.objc; path = main.m; sourceTree = "<group>"; };
		DDCEA866154E41D20089A98F /* new7steps-Prefix.pch */ = {isa = PBXFileReference; lastKnownFileType = sourcecode.c.h; path = "new7steps-Prefix.pch"; sourceTree = "<group>"; };
		DDCEA867154E41D20089A98F /* AppDelegate.h */ = {isa = PBXFileReference; lastKnownFileType = sourcecode.c.h; path = AppDelegate.h; sourceTree = "<group>"; };
		DDCEA868154E41D20089A98F /* AppDelegate.m */ = {isa = PBXFileReference; lastKnownFileType = sourcecode.c.objc; path = AppDelegate.m; sourceTree = "<group>"; };
		DDCEA86B154E41D20089A98F /* en */ = {isa = PBXFileReference; lastKnownFileType = file.storyboard; name = en; path = en.lproj/MainStoryboard_iPhone.storyboard; sourceTree = "<group>"; };
		DDCEA86E154E41D20089A98F /* en */ = {isa = PBXFileReference; lastKnownFileType = file.storyboard; name = en; path = en.lproj/MainStoryboard_iPad.storyboard; sourceTree = "<group>"; };
		DDCEA870154E41D20089A98F /* ViewController.h */ = {isa = PBXFileReference; lastKnownFileType = sourcecode.c.h; path = ViewController.h; sourceTree = "<group>"; };
		DDCEA871154E41D20089A98F /* ViewController.m */ = {isa = PBXFileReference; lastKnownFileType = sourcecode.c.objc; path = ViewController.m; sourceTree = "<group>"; };
		DDCEA879154E420B0089A98F /* toolbar_bottom.png */ = {isa = PBXFileReference; lastKnownFileType = image.png; path = toolbar_bottom.png; sourceTree = "<group>"; };
		DDCEA87B154E42160089A98F /* toolbar_top.png */ = {isa = PBXFileReference; lastKnownFileType = image.png; path = toolbar_top.png; sourceTree = "<group>"; };
		DDCEA87D154E45190089A98F /* star_on.png */ = {isa = PBXFileReference; lastKnownFileType = image.png; path = star_on.png; sourceTree = "<group>"; };
		DDCEA87F154E45240089A98F /* star_off.png */ = {isa = PBXFileReference; lastKnownFileType = image.png; path = star_off.png; sourceTree = "<group>"; };
		DDCEA881154E45590089A98F /* header_line.png */ = {isa = PBXFileReference; lastKnownFileType = image.png; path = header_line.png; sourceTree = "<group>"; };
		DDCEA883154E45900089A98F /* spisok_off.png */ = {isa = PBXFileReference; lastKnownFileType = image.png; path = spisok_off.png; sourceTree = "<group>"; };
		DDCEA885154E45980089A98F /* spisok_on.png */ = {isa = PBXFileReference; lastKnownFileType = image.png; path = spisok_on.png; sourceTree = "<group>"; };
		DDCEA887154E45A10089A98F /* spisok_top_toolbar.png */ = {isa = PBXFileReference; lastKnownFileType = image.png; path = spisok_top_toolbar.png; sourceTree = "<group>"; };
		DDCEA889154E4E7F0089A98F /* square_for_picture_.png */ = {isa = PBXFileReference; lastKnownFileType = image.png; path = square_for_picture_.png; sourceTree = "<group>"; };
/* End PBXFileReference section */

/* Begin PBXFrameworksBuildPhase section */
		DDCEA851154E41D20089A98F /* Frameworks */ = {
			isa = PBXFrameworksBuildPhase;
			buildActionMask = 2147483647;
			files = (
				DDCEA859154E41D20089A98F /* UIKit.framework in Frameworks */,
				DDCEA85B154E41D20089A98F /* Foundation.framework in Frameworks */,
				DDCEA85D154E41D20089A98F /* CoreGraphics.framework in Frameworks */,
			);
			runOnlyForDeploymentPostprocessing = 0;
		};
/* End PBXFrameworksBuildPhase section */

/* Begin PBXGroup section */
		DDCEA849154E41D20089A98F = {
			isa = PBXGroup;
			children = (
				DDCEA85E154E41D20089A98F /* new7steps */,
				DDCEA857154E41D20089A98F /* Frameworks */,
				DDCEA855154E41D20089A98F /* Products */,
			);
			sourceTree = "<group>";
		};
		DDCEA855154E41D20089A98F /* Products */ = {
			isa = PBXGroup;
			children = (
				DDCEA854154E41D20089A98F /* new7steps.app */,
			);
			name = Products;
			sourceTree = "<group>";
		};
		DDCEA857154E41D20089A98F /* Frameworks */ = {
			isa = PBXGroup;
			children = (
				DDCEA858154E41D20089A98F /* UIKit.framework */,
				DDCEA85A154E41D20089A98F /* Foundation.framework */,
				DDCEA85C154E41D20089A98F /* CoreGraphics.framework */,
			);
			name = Frameworks;
			sourceTree = "<group>";
		};
		DDCEA85E154E41D20089A98F /* new7steps */ = {
			isa = PBXGroup;
			children = (
				DDCEA88B154E501D0089A98F /* Meals */,
				DDCEA878154E41F10089A98F /* Interface */,
				DDCEA867154E41D20089A98F /* AppDelegate.h */,
				DDCEA868154E41D20089A98F /* AppDelegate.m */,
				DDCEA86A154E41D20089A98F /* MainStoryboard_iPhone.storyboard */,
				DDCEA86D154E41D20089A98F /* MainStoryboard_iPad.storyboard */,
				DDCEA870154E41D20089A98F /* ViewController.h */,
				DDCEA871154E41D20089A98F /* ViewController.m */,
				DDCEA85F154E41D20089A98F /* Supporting Files */,
			);
			path = new7steps;
			sourceTree = "<group>";
		};
		DDCEA85F154E41D20089A98F /* Supporting Files */ = {
			isa = PBXGroup;
			children = (
				DDCEA860154E41D20089A98F /* new7steps-Info.plist */,
				DDCEA861154E41D20089A98F /* InfoPlist.strings */,
				DDCEA864154E41D20089A98F /* main.m */,
				DDCEA866154E41D20089A98F /* new7steps-Prefix.pch */,
			);
			name = "Supporting Files";
			sourceTree = "<group>";
		};
		DDCEA878154E41F10089A98F /* Interface */ = {
			isa = PBXGroup;
			children = (
				DDCEA879154E420B0089A98F /* toolbar_bottom.png */,
				DDCEA87B154E42160089A98F /* toolbar_top.png */,
				DDCEA87D154E45190089A98F /* star_on.png */,
				DDCEA87F154E45240089A98F /* star_off.png */,
				DDCEA881154E45590089A98F /* header_line.png */,
				DDCEA883154E45900089A98F /* spisok_off.png */,
				DDCEA885154E45980089A98F /* spisok_on.png */,
				DDCEA887154E45A10089A98F /* spisok_top_toolbar.png */,
				DDCEA889154E4E7F0089A98F /* square_for_picture_.png */,
				DD998C35155208A50089BDB9 /* background.png */,
			);
			name = Interface;
			sourceTree = "<group>";
		};
		DDCEA88B154E501D0089A98F /* Meals */ = {
			isa = PBXGroup;
			children = (
				36C0C50A155296E60087EEAA /* 1_1_100.jpg */,
				36C0C50B155296E60087EEAA /* 1_2_100.jpg */,
				36C0C50C155296E60087EEAA /* 1_3_100.jpg */,
				36C0C50D155296E60087EEAA /* 1_4_100.jpg */,
				36C0C50E155296E60087EEAA /* 2_1_100.jpg */,
				36C0C50F155296E60087EEAA /* 2_2_100.jpg */,
				36C0C510155296E60087EEAA /* 2_3_100.jpg */,
				36C0C511155296E60087EEAA /* 2_4_100.jpg */,
				36C0C512155296E60087EEAA /* 3_1_100.jpg */,
				36C0C513155296E60087EEAA /* 3_2_100.jpg */,
				36C0C514155296E60087EEAA /* 3_3_100.jpg */,
				36C0C515155296E60087EEAA /* 3_4_100.jpg */,
				36C0C516155296E60087EEAA /* 4_1_100.jpg */,
				36C0C517155296E60087EEAA /* 4_2_100.jpg */,
				36C0C518155296E60087EEAA /* 4_3_100.jpg */,
				36C0C519155296E60087EEAA /* 4_4_100.jpg */,
				36C0C51A155296E60087EEAA /* 5_1_100.JPG */,
				36C0C51B155296E60087EEAA /* 5_2_100.JPG */,
				36C0C51C155296E60087EEAA /* 5_3_100.JPG */,
				36C0C51D155296E60087EEAA /* 5_4_100.JPG */,
				36C0C51E155296E60087EEAA /* 6_1_100.JPG */,
				36C0C51F155296E60087EEAA /* 6_2_100.JPG */,
				36C0C520155296E60087EEAA /* 6_3_100.JPG */,
				36C0C521155296E60087EEAA /* 6_4_100.JPG */,
				36C0C522155296E60087EEAA /* 7_1_100.JPG */,
				36C0C523155296E60087EEAA /* 7_2_100.JPG */,
				36C0C524155296E60087EEAA /* 7_3_100.JPG */,
				36C0C525155296E60087EEAA /* 7_4_100.JPG */,
				36C0C526155296E60087EEAA /* 8_1_100.JPG */,
				36C0C527155296E60087EEAA /* 8_2_100.JPG */,
				36C0C528155296E60087EEAA /* 8_3_100.JPG */,
				36C0C529155296E60087EEAA /* 8_4_100.JPG */,
			);
			name = Meals;
			sourceTree = "<group>";
		};
/* End PBXGroup section */

/* Begin PBXNativeTarget section */
		DDCEA853154E41D20089A98F /* new7steps */ = {
			isa = PBXNativeTarget;
			buildConfigurationList = DDCEA875154E41D20089A98F /* Build configuration list for PBXNativeTarget "new7steps" */;
			buildPhases = (
				DDCEA850154E41D20089A98F /* Sources */,
				DDCEA851154E41D20089A98F /* Frameworks */,
				DDCEA852154E41D20089A98F /* Resources */,
			);
			buildRules = (
			);
			dependencies = (
			);
			name = new7steps;
			productName = new7steps;
			productReference = DDCEA854154E41D20089A98F /* new7steps.app */;
			productType = "com.apple.product-type.application";
		};
/* End PBXNativeTarget section */

/* Begin PBXProject section */
		DDCEA84B154E41D20089A98F /* Project object */ = {
			isa = PBXProject;
			attributes = {
				LastUpgradeCheck = 0430;
			};
			buildConfigurationList = DDCEA84E154E41D20089A98F /* Build configuration list for PBXProject "new7steps" */;
			compatibilityVersion = "Xcode 3.2";
			developmentRegion = English;
			hasScannedForEncodings = 0;
			knownRegions = (
				en,
			);
			mainGroup = DDCEA849154E41D20089A98F;
			productRefGroup = DDCEA855154E41D20089A98F /* Products */;
			projectDirPath = "";
			projectRoot = "";
			targets = (
				DDCEA853154E41D20089A98F /* new7steps */,
			);
		};
/* End PBXProject section */

/* Begin PBXResourcesBuildPhase section */
		DDCEA852154E41D20089A98F /* Resources */ = {
			isa = PBXResourcesBuildPhase;
			buildActionMask = 2147483647;
			files = (
				DDCEA863154E41D20089A98F /* InfoPlist.strings in Resources */,
				DDCEA86C154E41D20089A98F /* MainStoryboard_iPhone.storyboard in Resources */,
				DDCEA86F154E41D20089A98F /* MainStoryboard_iPad.storyboard in Resources */,
				DDCEA87A154E420B0089A98F /* toolbar_bottom.png in Resources */,
				DDCEA87C154E42160089A98F /* toolbar_top.png in Resources */,
				DDCEA87E154E45190089A98F /* star_on.png in Resources */,
				DDCEA880154E45240089A98F /* star_off.png in Resources */,
				DDCEA882154E45590089A98F /* header_line.png in Resources */,
				DDCEA884154E45900089A98F /* spisok_off.png in Resources */,
				DDCEA886154E45980089A98F /* spisok_on.png in Resources */,
				DDCEA888154E45A10089A98F /* spisok_top_toolbar.png in Resources */,
				DDCEA88A154E4E7F0089A98F /* square_for_picture_.png in Resources */,
				DD998C36155208A50089BDB9 /* background.png in Resources */,
				36C0C52A155296E60087EEAA /* 1_1_100.jpg in Resources */,
				36C0C52B155296E60087EEAA /* 1_2_100.jpg in Resources */,
				36C0C52C155296E60087EEAA /* 1_3_100.jpg in Resources */,
				36C0C52D155296E60087EEAA /* 1_4_100.jpg in Resources */,
				36C0C52E155296E60087EEAA /* 2_1_100.jpg in Resources */,
				36C0C52F155296E60087EEAA /* 2_2_100.jpg in Resources */,
				36C0C530155296E60087EEAA /* 2_3_100.jpg in Resources */,
				36C0C531155296E60087EEAA /* 2_4_100.jpg in Resources */,
				36C0C532155296E60087EEAA /* 3_1_100.jpg in Resources */,
				36C0C533155296E60087EEAA /* 3_2_100.jpg in Resources */,
				36C0C534155296E60087EEAA /* 3_3_100.jpg in Resources */,
				36C0C535155296E60087EEAA /* 3_4_100.jpg in Resources */,
				36C0C536155296E60087EEAA /* 4_1_100.jpg in Resources */,
				36C0C537155296E60087EEAA /* 4_2_100.jpg in Resources */,
				36C0C538155296E60087EEAA /* 4_3_100.jpg in Resources */,
				36C0C539155296E60087EEAA /* 4_4_100.jpg in Resources */,
				36C0C53A155296E60087EEAA /* 5_1_100.JPG in Resources */,
				36C0C53B155296E60087EEAA /* 5_2_100.JPG in Resources */,
				36C0C53C155296E60087EEAA /* 5_3_100.JPG in Resources */,
				36C0C53D155296E60087EEAA /* 5_4_100.JPG in Resources */,
				36C0C53E155296E60087EEAA /* 6_1_100.JPG in Resources */,
				36C0C53F155296E60087EEAA /* 6_2_100.JPG in Resources */,
				36C0C540155296E60087EEAA /* 6_3_100.JPG in Resources */,
				36C0C541155296E60087EEAA /* 6_4_100.JPG in Resources */,
				36C0C542155296E60087EEAA /* 7_1_100.JPG in Resources */,
				36C0C543155296E60087EEAA /* 7_2_100.JPG in Resources */,
				36C0C544155296E60087EEAA /* 7_3_100.JPG in Resources */,
				36C0C545155296E60087EEAA /* 7_4_100.JPG in Resources */,
				36C0C546155296E60087EEAA /* 8_1_100.JPG in Resources */,
				36C0C547155296E60087EEAA /* 8_2_100.JPG in Resources */,
				36C0C548155296E60087EEAA /* 8_3_100.JPG in Resources */,
				36C0C549155296E60087EEAA /* 8_4_100.JPG in Resources */,
			);
			runOnlyForDeploymentPostprocessing = 0;
		};
/* End PBXResourcesBuildPhase section */

/* Begin PBXSourcesBuildPhase section */
		DDCEA850154E41D20089A98F /* Sources */ = {
			isa = PBXSourcesBuildPhase;
			buildActionMask = 2147483647;
			files = (
				DDCEA865154E41D20089A98F /* main.m in Sources */,
				DDCEA869154E41D20089A98F /* AppDelegate.m in Sources */,
				DDCEA872154E41D20089A98F /* ViewController.m in Sources */,
			);
			runOnlyForDeploymentPostprocessing = 0;
		};
/* End PBXSourcesBuildPhase section */

/* Begin PBXVariantGroup section */
		DDCEA861154E41D20089A98F /* InfoPlist.strings */ = {
			isa = PBXVariantGroup;
			children = (
				DDCEA862154E41D20089A98F /* en */,
			);
			name = InfoPlist.strings;
			sourceTree = "<group>";
		};
		DDCEA86A154E41D20089A98F /* MainStoryboard_iPhone.storyboard */ = {
			isa = PBXVariantGroup;
			children = (
				DDCEA86B154E41D20089A98F /* en */,
			);
			name = MainStoryboard_iPhone.storyboard;
			sourceTree = "<group>";
		};
		DDCEA86D154E41D20089A98F /* MainStoryboard_iPad.storyboard */ = {
			isa = PBXVariantGroup;
			children = (
				DDCEA86E154E41D20089A98F /* en */,
			);
			name = MainStoryboard_iPad.storyboard;
			sourceTree = "<group>";
		};
/* End PBXVariantGroup section */

/* Begin XCBuildConfiguration section */
		DDCEA873154E41D20089A98F /* Debug */ = {
			isa = XCBuildConfiguration;
			buildSettings = {
				ALWAYS_SEARCH_USER_PATHS = NO;
				ARCHS = "$(ARCHS_STANDARD_32_BIT)";
				CLANG_ENABLE_OBJC_ARC = YES;
				CODE_SIGN_IDENTITY = "iPhone Developer: VADIM KASSIN (744XFE3JS8)";
				"CODE_SIGN_IDENTITY[sdk=iphoneos*]" = "iPhone Developer: VADIM KASSIN (744XFE3JS8)";
				COPY_PHASE_STRIP = NO;
				GCC_C_LANGUAGE_STANDARD = gnu99;
				GCC_DYNAMIC_NO_PIC = NO;
				GCC_OPTIMIZATION_LEVEL = 0;
				GCC_PREPROCESSOR_DEFINITIONS = (
					"DEBUG=1",
					"$(inherited)",
				);
				GCC_SYMBOLS_PRIVATE_EXTERN = NO;
				GCC_VERSION = com.apple.compilers.llvm.clang.1_0;
				GCC_WARN_ABOUT_RETURN_TYPE = YES;
				GCC_WARN_UNINITIALIZED_AUTOS = YES;
				GCC_WARN_UNUSED_VARIABLE = YES;
				IPHONEOS_DEPLOYMENT_TARGET = 5.1;
				PROVISIONING_PROFILE = "209668A4-7DC7-4A87-8A8D-7E2284DDA1B5";
				"PROVISIONING_PROFILE[sdk=iphoneos*]" = "209668A4-7DC7-4A87-8A8D-7E2284DDA1B5";
				SDKROOT = iphoneos;
				TARGETED_DEVICE_FAMILY = "1,2";
			};
			name = Debug;
		};
		DDCEA874154E41D20089A98F /* Release */ = {
			isa = XCBuildConfiguration;
			buildSettings = {
				ALWAYS_SEARCH_USER_PATHS = NO;
				ARCHS = "$(ARCHS_STANDARD_32_BIT)";
				CLANG_ENABLE_OBJC_ARC = YES;
				CODE_SIGN_IDENTITY = "iPhone Developer: VADIM KASSIN (744XFE3JS8)";
				"CODE_SIGN_IDENTITY[sdk=iphoneos*]" = "iPhone Developer: VADIM KASSIN (744XFE3JS8)";
				COPY_PHASE_STRIP = YES;
				GCC_C_LANGUAGE_STANDARD = gnu99;
				GCC_VERSION = com.apple.compilers.llvm.clang.1_0;
				GCC_WARN_ABOUT_RETURN_TYPE = YES;
				GCC_WARN_UNINITIALIZED_AUTOS = YES;
				GCC_WARN_UNUSED_VARIABLE = YES;
				IPHONEOS_DEPLOYMENT_TARGET = 5.1;
				OTHER_CFLAGS = "-DNS_BLOCK_ASSERTIONS=1";
				PROVISIONING_PROFILE = "209668A4-7DC7-4A87-8A8D-7E2284DDA1B5";
				"PROVISIONING_PROFILE[sdk=iphoneos*]" = "209668A4-7DC7-4A87-8A8D-7E2284DDA1B5";
				SDKROOT = iphoneos;
				TARGETED_DEVICE_FAMILY = "1,2";
				VALIDATE_PRODUCT = YES;
			};
			name = Release;
		};
		DDCEA876154E41D20089A98F /* Debug */ = {
			isa = XCBuildConfiguration;
			buildSettings = {
				CODE_SIGN_IDENTITY = "iPhone Developer: VADIM KASSIN (744XFE3JS8)";
				"CODE_SIGN_IDENTITY[sdk=iphoneos*]" = "iPhone Developer: VADIM KASSIN (744XFE3JS8)";
				GCC_PRECOMPILE_PREFIX_HEADER = YES;
				GCC_PREFIX_HEADER = "new7steps/new7steps-Prefix.pch";
				INFOPLIST_FILE = "new7steps/new7steps-Info.plist";
				PRODUCT_NAME = "$(TARGET_NAME)";
				PROVISIONING_PROFILE = "209668A4-7DC7-4A87-8A8D-7E2284DDA1B5";
				"PROVISIONING_PROFILE[sdk=iphoneos*]" = "209668A4-7DC7-4A87-8A8D-7E2284DDA1B5";
				WRAPPER_EXTENSION = app;
			};
			name = Debug;
		};
		DDCEA877154E41D20089A98F /* Release */ = {
			isa = XCBuildConfiguration;
			buildSettings = {
				CODE_SIGN_IDENTITY = "iPhone Developer: VADIM KASSIN (744XFE3JS8)";
				"CODE_SIGN_IDENTITY[sdk=iphoneos*]" = "iPhone Developer: VADIM KASSIN (744XFE3JS8)";
				GCC_PRECOMPILE_PREFIX_HEADER = YES;
				GCC_PREFIX_HEADER = "new7steps/new7steps-Prefix.pch";
				INFOPLIST_FILE = "new7steps/new7steps-Info.plist";
				PRODUCT_NAME = "$(TARGET_NAME)";
				PROVISIONING_PROFILE = "209668A4-7DC7-4A87-8A8D-7E2284DDA1B5";
				"PROVISIONING_PROFILE[sdk=iphoneos*]" = "209668A4-7DC7-4A87-8A8D-7E2284DDA1B5";
				WRAPPER_EXTENSION = app;
			};
			name = Release;
		};
/* End XCBuildConfiguration section */

/* Begin XCConfigurationList section */
		DDCEA84E154E41D20089A98F /* Build configuration list for PBXProject "new7steps" */ = {
			isa = XCConfigurationList;
			buildConfigurations = (
				DDCEA873154E41D20089A98F /* Debug */,
				DDCEA874154E41D20089A98F /* Release */,
			);
			defaultConfigurationIsVisible = 0;
			defaultConfigurationName = Release;
		};
		DDCEA875154E41D20089A98F /* Build configuration list for PBXNativeTarget "new7steps" */ = {
			isa = XCConfigurationList;
			buildConfigurations = (
				DDCEA876154E41D20089A98F /* Debug */,
				DDCEA877154E41D20089A98F /* Release */,
			);
			defaultConfigurationIsVisible = 0;
			defaultConfigurationName = Release;
		};
/* End XCConfigurationList section */
	};
	rootObject = DDCEA84B154E41D20089A98F /* Project object */;
}
