// !$*UTF8*$!
{
	archiveVersion = 1;
	classes = {
	};
	objectVersion = 46;
	objects = {

/* Begin PBXBuildFile section */
		364003751553E9BC00C4725D /* FACEBOOK_back.png in Resources */ = {isa = PBXBuildFile; fileRef = 364003741553E9BC00C4725D /* FACEBOOK_back.png */; };
		3661C75515AAA009007B5C56 /* XMLParser.m in Sources */ = {isa = PBXBuildFile; fileRef = 3661C75415AAA009007B5C56 /* XMLParser.m */; };
		36C0C5741552984D0087EEAA /* desc.plist in Resources */ = {isa = PBXBuildFile; fileRef = 36C0C5731552984D0087EEAA /* desc.plist */; };
		36D50F3215AAA16900D53641 /* Common.m in Sources */ = {isa = PBXBuildFile; fileRef = 36D50F3115AAA16800D53641 /* Common.m */; };
		36D50F3A15AAD8F700D53641 /* Item.m in Sources */ = {isa = PBXBuildFile; fileRef = 36D50F2E15AAA0C400D53641 /* Item.m */; };
		36FA183B1553935800F1F703 /* square_for_picture_new.png in Resources */ = {isa = PBXBuildFile; fileRef = 36FA183A1553935800F1F703 /* square_for_picture_new.png */; };
		9C02B599162D13EC00FAE4B5 /* Default@2x.png in Resources */ = {isa = PBXBuildFile; fileRef = 9C02B598162D13EC00FAE4B5 /* Default@2x.png */; };
		9C02B59C162D13F200FAE4B5 /* Default-568h@2x.png in Resources */ = {isa = PBXBuildFile; fileRef = 9C02B59B162D13F200FAE4B5 /* Default-568h@2x.png */; };
		9C02B59F162D1C9F00FAE4B5 /* FlipTopPopToRoot.m in Sources */ = {isa = PBXBuildFile; fileRef = 9C02B59E162D1C9F00FAE4B5 /* FlipTopPopToRoot.m */; };
		9C1490371611CFFB0016A83E /* AboutController.m in Sources */ = {isa = PBXBuildFile; fileRef = 9C1490361611CFFB0016A83E /* AboutController.m */; };
		9C73DDB416228545004B42C9 /* button_position1.png in Resources */ = {isa = PBXBuildFile; fileRef = 9C73DDB616228545004B42C9 /* button_position1.png */; };
		9C73DDB716228551004B42C9 /* button_position2.png in Resources */ = {isa = PBXBuildFile; fileRef = 9C73DDB916228551004B42C9 /* button_position2.png */; };
		9C73DDC216228E2C004B42C9 /* spisok_new_ON.png in Resources */ = {isa = PBXBuildFile; fileRef = 9C73DDC016228E2B004B42C9 /* spisok_new_ON.png */; };
		9C73DDC316228E2C004B42C9 /* spisok_new.png in Resources */ = {isa = PBXBuildFile; fileRef = 9C73DDC116228E2C004B42C9 /* spisok_new.png */; };
		9CFCFB331631027300F555DD /* Step.m in Sources */ = {isa = PBXBuildFile; fileRef = 9CFCFB321631027300F555DD /* Step.m */; };
		DD1FE1D415E5E10B001A1736 /* BarbutoIcon_114.png in Resources */ = {isa = PBXBuildFile; fileRef = DD1FE1D315E5E10B001A1736 /* BarbutoIcon_114.png */; };
		DD1FE1D715E5E128001A1736 /* BarbutoIcon-57.png in Resources */ = {isa = PBXBuildFile; fileRef = DD1FE1D615E5E128001A1736 /* BarbutoIcon-57.png */; };
		DD1FE1D915E5E1F0001A1736 /* BarbutoIcon-72.png in Resources */ = {isa = PBXBuildFile; fileRef = DD1FE1D815E5E1F0001A1736 /* BarbutoIcon-72.png */; };
		DD2DA18815BBADFA0074493F /* ViewController2.m in Sources */ = {isa = PBXBuildFile; fileRef = DD2DA18715BBADFA0074493F /* ViewController2.m */; };
		DD51459215DDBB4900388BF6 /* bottom_pict_place1.png in Resources */ = {isa = PBXBuildFile; fileRef = DD51458A15DDBB4900388BF6 /* bottom_pict_place1.png */; };
		DD51459315DDBB4900388BF6 /* step_1.png in Resources */ = {isa = PBXBuildFile; fileRef = DD51458B15DDBB4900388BF6 /* step_1.png */; };
		DD51459415DDBB4900388BF6 /* step_2.png in Resources */ = {isa = PBXBuildFile; fileRef = DD51458C15DDBB4900388BF6 /* step_2.png */; };
		DD51459515DDBB4900388BF6 /* step_3.png in Resources */ = {isa = PBXBuildFile; fileRef = DD51458D15DDBB4900388BF6 /* step_3.png */; };
		DD51459615DDBB4900388BF6 /* step_4.png in Resources */ = {isa = PBXBuildFile; fileRef = DD51458E15DDBB4900388BF6 /* step_4.png */; };
		DD51459715DDBB4900388BF6 /* step_5.png in Resources */ = {isa = PBXBuildFile; fileRef = DD51458F15DDBB4900388BF6 /* step_5.png */; };
		DD51459815DDBB4900388BF6 /* step_6.png in Resources */ = {isa = PBXBuildFile; fileRef = DD51459015DDBB4900388BF6 /* step_6.png */; };
		DD51459915DDBB4900388BF6 /* step_7.png in Resources */ = {isa = PBXBuildFile; fileRef = DD51459115DDBB4900388BF6 /* step_7.png */; };
		DD51459D15DDD01200388BF6 /* Transit.m in Sources */ = {isa = PBXBuildFile; fileRef = DD51459C15DDD01100388BF6 /* Transit.m */; };
		DD6E856F15D4DCE2008052EC /* Localizable.strings in Resources */ = {isa = PBXBuildFile; fileRef = DD6E857115D4DCE2008052EC /* Localizable.strings */; };
		DD9D659315D511D0004B6EA7 /* Settings.bundle in Resources */ = {isa = PBXBuildFile; fileRef = DD9D659215D511D0004B6EA7 /* Settings.bundle */; };
		DDCABA371628FDBD001DEBA1 /* Good-Black.otf in Resources */ = {isa = PBXBuildFile; fileRef = DDCABA341628FDBD001DEBA1 /* Good-Black.otf */; };
		DDCABA381628FDBD001DEBA1 /* Good-Book.otf in Resources */ = {isa = PBXBuildFile; fileRef = DDCABA351628FDBD001DEBA1 /* Good-Book.otf */; };
		DDCABA391628FDBD001DEBA1 /* Good-Light.otf in Resources */ = {isa = PBXBuildFile; fileRef = DDCABA361628FDBD001DEBA1 /* Good-Light.otf */; };
		DDCEA859154E41D20089A98F /* UIKit.framework in Frameworks */ = {isa = PBXBuildFile; fileRef = DDCEA858154E41D20089A98F /* UIKit.framework */; };
		DDCEA85B154E41D20089A98F /* Foundation.framework in Frameworks */ = {isa = PBXBuildFile; fileRef = DDCEA85A154E41D20089A98F /* Foundation.framework */; };
		DDCEA85D154E41D20089A98F /* CoreGraphics.framework in Frameworks */ = {isa = PBXBuildFile; fileRef = DDCEA85C154E41D20089A98F /* CoreGraphics.framework */; };
		DDCEA863154E41D20089A98F /* InfoPlist.strings in Resources */ = {isa = PBXBuildFile; fileRef = DDCEA861154E41D20089A98F /* InfoPlist.strings */; };
		DDCEA865154E41D20089A98F /* main.m in Sources */ = {isa = PBXBuildFile; fileRef = DDCEA864154E41D20089A98F /* main.m */; };
		DDCEA869154E41D20089A98F /* AppDelegate.m in Sources */ = {isa = PBXBuildFile; fileRef = DDCEA868154E41D20089A98F /* AppDelegate.m */; };
		DDCEA86C154E41D20089A98F /* MainStoryboard_iPhone.storyboard in Resources */ = {isa = PBXBuildFile; fileRef = DDCEA86A154E41D20089A98F /* MainStoryboard_iPhone.storyboard */; };
		DDCEA86F154E41D20089A98F /* MainStoryboard_iPad.storyboard in Resources */ = {isa = PBXBuildFile; fileRef = DDCEA86D154E41D20089A98F /* MainStoryboard_iPad.storyboard */; };
		DDCEA872154E41D20089A98F /* ViewController.m in Sources */ = {isa = PBXBuildFile; fileRef = DDCEA871154E41D20089A98F /* ViewController.m */; };
		DDCEA87A154E420B0089A98F /* toolbar_bottom.png in Resources */ = {isa = PBXBuildFile; fileRef = DDCEA879154E420B0089A98F /* toolbar_bottom.png */; };
		DDCEA87C154E42160089A98F /* toolbar_top.png in Resources */ = {isa = PBXBuildFile; fileRef = DDCEA87B154E42160089A98F /* toolbar_top.png */; };
		DDCEA87E154E45190089A98F /* star_on.png in Resources */ = {isa = PBXBuildFile; fileRef = DDCEA87D154E45190089A98F /* star_on.png */; };
		DDCEA880154E45240089A98F /* star_off.png in Resources */ = {isa = PBXBuildFile; fileRef = DDCEA87F154E45240089A98F /* star_off.png */; };
		DDCEA884154E45900089A98F /* spisok_off.png in Resources */ = {isa = PBXBuildFile; fileRef = DDCEA883154E45900089A98F /* spisok_off.png */; };
		DDCEA886154E45980089A98F /* spisok_on.png in Resources */ = {isa = PBXBuildFile; fileRef = DDCEA885154E45980089A98F /* spisok_on.png */; };
		DDCEA888154E45A10089A98F /* spisok_top_toolbar.png in Resources */ = {isa = PBXBuildFile; fileRef = DDCEA887154E45A10089A98F /* spisok_top_toolbar.png */; };
		DDCEA88A154E4E7F0089A98F /* square_for_picture_.png in Resources */ = {isa = PBXBuildFile; fileRef = DDCEA889154E4E7F0089A98F /* square_for_picture_.png */; };
		DDD9FA4F15D3342900680C79 /* bottom_place.png in Resources */ = {isa = PBXBuildFile; fileRef = DDD9FA4C15D3342900680C79 /* bottom_place.png */; };
		DDD9FA5015D3342900680C79 /* center_place.png in Resources */ = {isa = PBXBuildFile; fileRef = DDD9FA4D15D3342900680C79 /* center_place.png */; };
		DDD9FA5115D3342900680C79 /* top_place.png in Resources */ = {isa = PBXBuildFile; fileRef = DDD9FA4E15D3342900680C79 /* top_place.png */; };
		DDFD8A791607E665007A60CA /* back_for_button.png in Resources */ = {isa = PBXBuildFile; fileRef = DDFD8A761607E665007A60CA /* back_for_button.png */; };
		DDFD8A7E1607EA22007A60CA /* background.jpg in Resources */ = {isa = PBXBuildFile; fileRef = DDFD8A7D1607EA22007A60CA /* background.jpg */; };
		DDFD8A801607EADC007A60CA /* back-place2.png in Resources */ = {isa = PBXBuildFile; fileRef = DDFD8A7F1607EADC007A60CA /* back-place2.png */; };
		DDFD8A821607EB1C007A60CA /* background_for_photo.png in Resources */ = {isa = PBXBuildFile; fileRef = DDFD8A811607EB1C007A60CA /* background_for_photo.png */; };
		DDFD8A841607EB6D007A60CA /* plase_for_header.png in Resources */ = {isa = PBXBuildFile; fileRef = DDFD8A831607EB6D007A60CA /* plase_for_header.png */; };
/* End PBXBuildFile section */

/* Begin PBXFileReference section */
		364003741553E9BC00C4725D /* FACEBOOK_back.png */ = {isa = PBXFileReference; lastKnownFileType = image.png; path = FACEBOOK_back.png; sourceTree = "<group>"; };
		3661C75315AAA009007B5C56 /* XMLParser.h */ = {isa = PBXFileReference; fileEncoding = 4; lastKnownFileType = sourcecode.c.h; path = XMLParser.h; sourceTree = "<group>"; };
		3661C75415AAA009007B5C56 /* XMLParser.m */ = {isa = PBXFileReference; fileEncoding = 4; lastKnownFileType = sourcecode.c.objc; path = XMLParser.m; sourceTree = "<group>"; };
		36C0C5731552984D0087EEAA /* desc.plist */ = {isa = PBXFileReference; fileEncoding = 4; lastKnownFileType = text.plist.xml; path = desc.plist; sourceTree = "<group>"; };
		36D50F2D15AAA0C400D53641 /* Item.h */ = {isa = PBXFileReference; lastKnownFileType = sourcecode.c.h; path = Item.h; sourceTree = "<group>"; };
		36D50F2E15AAA0C400D53641 /* Item.m */ = {isa = PBXFileReference; lastKnownFileType = sourcecode.c.objc; path = Item.m; sourceTree = "<group>"; };
		36D50F3015AAA16800D53641 /* Common.h */ = {isa = PBXFileReference; fileEncoding = 4; lastKnownFileType = sourcecode.c.h; path = Common.h; sourceTree = "<group>"; };
		36D50F3115AAA16800D53641 /* Common.m */ = {isa = PBXFileReference; fileEncoding = 4; lastKnownFileType = sourcecode.c.objc; path = Common.m; sourceTree = "<group>"; };
		36FA183A1553935800F1F703 /* square_for_picture_new.png */ = {isa = PBXFileReference; lastKnownFileType = image.png; path = square_for_picture_new.png; sourceTree = "<group>"; };
		9C02B598162D13EC00FAE4B5 /* Default@2x.png */ = {isa = PBXFileReference; lastKnownFileType = image.png; path = "Default@2x.png"; sourceTree = "<group>"; };
		9C02B59B162D13F200FAE4B5 /* Default-568h@2x.png */ = {isa = PBXFileReference; lastKnownFileType = image.png; path = "Default-568h@2x.png"; sourceTree = "<group>"; };
		9C02B59D162D1C9F00FAE4B5 /* FlipTopPopToRoot.h */ = {isa = PBXFileReference; fileEncoding = 4; lastKnownFileType = sourcecode.c.h; path = FlipTopPopToRoot.h; sourceTree = "<group>"; };
		9C02B59E162D1C9F00FAE4B5 /* FlipTopPopToRoot.m */ = {isa = PBXFileReference; fileEncoding = 4; lastKnownFileType = sourcecode.c.objc; path = FlipTopPopToRoot.m; sourceTree = "<group>"; };
		9C1490351611CFFB0016A83E /* AboutController.h */ = {isa = PBXFileReference; fileEncoding = 4; lastKnownFileType = sourcecode.c.h; path = AboutController.h; sourceTree = "<group>"; };
		9C1490361611CFFB0016A83E /* AboutController.m */ = {isa = PBXFileReference; fileEncoding = 4; lastKnownFileType = sourcecode.c.objc; path = AboutController.m; sourceTree = "<group>"; };
		9C73DDB516228545004B42C9 /* ru */ = {isa = PBXFileReference; lastKnownFileType = image.png; name = ru; path = ru.lproj/button_position1.png; sourceTree = "<group>"; };
		9C73DDB816228551004B42C9 /* ru */ = {isa = PBXFileReference; lastKnownFileType = image.png; name = ru; path = ru.lproj/button_position2.png; sourceTree = "<group>"; };
		9C73DDBA16228563004B42C9 /* en */ = {isa = PBXFileReference; lastKnownFileType = image.png; name = en; path = en.lproj/button_position1.png; sourceTree = "<group>"; };
		9C73DDBB16228565004B42C9 /* de */ = {isa = PBXFileReference; lastKnownFileType = image.png; name = de; path = de.lproj/button_position1.png; sourceTree = "<group>"; };
		9C73DDBC16228568004B42C9 /* es */ = {isa = PBXFileReference; lastKnownFileType = image.png; name = es; path = es.lproj/button_position1.png; sourceTree = "<group>"; };
		9C73DDBD16228575004B42C9 /* en */ = {isa = PBXFileReference; lastKnownFileType = image.png; name = en; path = en.lproj/button_position2.png; sourceTree = "<group>"; };
		9C73DDBE16228576004B42C9 /* de */ = {isa = PBXFileReference; lastKnownFileType = image.png; name = de; path = de.lproj/button_position2.png; sourceTree = "<group>"; };
		9C73DDBF16228577004B42C9 /* es */ = {isa = PBXFileReference; lastKnownFileType = image.png; name = es; path = es.lproj/button_position2.png; sourceTree = "<group>"; };
		9C73DDC016228E2B004B42C9 /* spisok_new_ON.png */ = {isa = PBXFileReference; lastKnownFileType = image.png; path = spisok_new_ON.png; sourceTree = "<group>"; };
		9C73DDC116228E2C004B42C9 /* spisok_new.png */ = {isa = PBXFileReference; lastKnownFileType = image.png; path = spisok_new.png; sourceTree = "<group>"; };
		9CFCFB311631027300F555DD /* Step.h */ = {isa = PBXFileReference; fileEncoding = 4; lastKnownFileType = sourcecode.c.h; path = Step.h; sourceTree = "<group>"; };
		9CFCFB321631027300F555DD /* Step.m */ = {isa = PBXFileReference; fileEncoding = 4; lastKnownFileType = sourcecode.c.objc; path = Step.m; sourceTree = "<group>"; };
		DD1FE1D315E5E10B001A1736 /* BarbutoIcon_114.png */ = {isa = PBXFileReference; lastKnownFileType = image.png; path = BarbutoIcon_114.png; sourceTree = "<group>"; };
		DD1FE1D615E5E128001A1736 /* BarbutoIcon-57.png */ = {isa = PBXFileReference; lastKnownFileType = image.png; path = "BarbutoIcon-57.png"; sourceTree = "<group>"; };
		DD1FE1D815E5E1F0001A1736 /* BarbutoIcon-72.png */ = {isa = PBXFileReference; lastKnownFileType = image.png; path = "BarbutoIcon-72.png"; sourceTree = "<group>"; };
		DD2DA18615BBADFA0074493F /* ViewController2.h */ = {isa = PBXFileReference; fileEncoding = 4; lastKnownFileType = sourcecode.c.h; path = ViewController2.h; sourceTree = "<group>"; };
		DD2DA18715BBADFA0074493F /* ViewController2.m */ = {isa = PBXFileReference; fileEncoding = 4; lastKnownFileType = sourcecode.c.objc; path = ViewController2.m; sourceTree = "<group>"; };
		DD51458A15DDBB4900388BF6 /* bottom_pict_place1.png */ = {isa = PBXFileReference; lastKnownFileType = image.png; path = bottom_pict_place1.png; sourceTree = "<group>"; };
		DD51458B15DDBB4900388BF6 /* step_1.png */ = {isa = PBXFileReference; lastKnownFileType = image.png; path = step_1.png; sourceTree = "<group>"; };
		DD51458C15DDBB4900388BF6 /* step_2.png */ = {isa = PBXFileReference; lastKnownFileType = image.png; path = step_2.png; sourceTree = "<group>"; };
		DD51458D15DDBB4900388BF6 /* step_3.png */ = {isa = PBXFileReference; lastKnownFileType = image.png; path = step_3.png; sourceTree = "<group>"; };
		DD51458E15DDBB4900388BF6 /* step_4.png */ = {isa = PBXFileReference; lastKnownFileType = image.png; path = step_4.png; sourceTree = "<group>"; };
		DD51458F15DDBB4900388BF6 /* step_5.png */ = {isa = PBXFileReference; lastKnownFileType = image.png; path = step_5.png; sourceTree = "<group>"; };
		DD51459015DDBB4900388BF6 /* step_6.png */ = {isa = PBXFileReference; lastKnownFileType = image.png; path = step_6.png; sourceTree = "<group>"; };
		DD51459115DDBB4900388BF6 /* step_7.png */ = {isa = PBXFileReference; lastKnownFileType = image.png; path = step_7.png; sourceTree = "<group>"; };
		DD51459B15DDD01100388BF6 /* Transit.h */ = {isa = PBXFileReference; fileEncoding = 4; lastKnownFileType = sourcecode.c.h; path = Transit.h; sourceTree = "<group>"; };
		DD51459C15DDD01100388BF6 /* Transit.m */ = {isa = PBXFileReference; fileEncoding = 4; lastKnownFileType = sourcecode.c.objc; path = Transit.m; sourceTree = "<group>"; };
		DD6E856915D4D68F008052EC /* de */ = {isa = PBXFileReference; lastKnownFileType = text.plist.strings; name = de; path = de.lproj/InfoPlist.strings; sourceTree = "<group>"; };
		DD6E856A15D4D6A6008052EC /* ru */ = {isa = PBXFileReference; lastKnownFileType = text.plist.strings; name = ru; path = ru.lproj/InfoPlist.strings; sourceTree = "<group>"; };
		DD6E856B15D4D6AE008052EC /* es */ = {isa = PBXFileReference; lastKnownFileType = text.plist.strings; name = es; path = es.lproj/InfoPlist.strings; sourceTree = "<group>"; };
		DD6E857015D4DCE2008052EC /* en */ = {isa = PBXFileReference; lastKnownFileType = text.plist.strings; name = en; path = en.lproj/Localizable.strings; sourceTree = "<group>"; };
		DD6E857215D4DCEA008052EC /* de */ = {isa = PBXFileReference; lastKnownFileType = text.plist.strings; name = de; path = de.lproj/Localizable.strings; sourceTree = "<group>"; };
		DD6E857315D4DCEB008052EC /* ru */ = {isa = PBXFileReference; lastKnownFileType = text.plist.strings; name = ru; path = ru.lproj/Localizable.strings; sourceTree = "<group>"; };
		DD6E857415D4DCED008052EC /* es */ = {isa = PBXFileReference; lastKnownFileType = text.plist.strings; name = es; path = es.lproj/Localizable.strings; sourceTree = "<group>"; };
		DD9D659215D511D0004B6EA7 /* Settings.bundle */ = {isa = PBXFileReference; lastKnownFileType = "wrapper.plug-in"; path = Settings.bundle; sourceTree = "<group>"; };
		DDCABA341628FDBD001DEBA1 /* Good-Black.otf */ = {isa = PBXFileReference; lastKnownFileType = file; path = "Good-Black.otf"; sourceTree = "<group>"; };
		DDCABA351628FDBD001DEBA1 /* Good-Book.otf */ = {isa = PBXFileReference; lastKnownFileType = file; path = "Good-Book.otf"; sourceTree = "<group>"; };
		DDCABA361628FDBD001DEBA1 /* Good-Light.otf */ = {isa = PBXFileReference; lastKnownFileType = file; path = "Good-Light.otf"; sourceTree = "<group>"; };
		DDCEA854154E41D20089A98F /* new7steps.app */ = {isa = PBXFileReference; explicitFileType = wrapper.application; includeInIndex = 0; path = new7steps.app; sourceTree = BUILT_PRODUCTS_DIR; };
		DDCEA858154E41D20089A98F /* UIKit.framework */ = {isa = PBXFileReference; lastKnownFileType = wrapper.framework; name = UIKit.framework; path = System/Library/Frameworks/UIKit.framework; sourceTree = SDKROOT; };
		DDCEA85A154E41D20089A98F /* Foundation.framework */ = {isa = PBXFileReference; lastKnownFileType = wrapper.framework; name = Foundation.framework; path = System/Library/Frameworks/Foundation.framework; sourceTree = SDKROOT; };
		DDCEA85C154E41D20089A98F /* CoreGraphics.framework */ = {isa = PBXFileReference; lastKnownFileType = wrapper.framework; name = CoreGraphics.framework; path = System/Library/Frameworks/CoreGraphics.framework; sourceTree = SDKROOT; };
		DDCEA860154E41D20089A98F /* new7steps-Info.plist */ = {isa = PBXFileReference; lastKnownFileType = text.plist.xml; path = "new7steps-Info.plist"; sourceTree = "<group>"; };
		DDCEA862154E41D20089A98F /* en */ = {isa = PBXFileReference; lastKnownFileType = text.plist.strings; name = en; path = en.lproj/InfoPlist.strings; sourceTree = "<group>"; };
		DDCEA864154E41D20089A98F /* main.m */ = {isa = PBXFileReference; lastKnownFileType = sourcecode.c.objc; path = main.m; sourceTree = "<group>"; };
		DDCEA866154E41D20089A98F /* new7steps-Prefix.pch */ = {isa = PBXFileReference; lastKnownFileType = sourcecode.c.h; path = "new7steps-Prefix.pch"; sourceTree = "<group>"; };
		DDCEA867154E41D20089A98F /* AppDelegate.h */ = {isa = PBXFileReference; lastKnownFileType = sourcecode.c.h; path = AppDelegate.h; sourceTree = "<group>"; };
		DDCEA868154E41D20089A98F /* AppDelegate.m */ = {isa = PBXFileReference; lastKnownFileType = sourcecode.c.objc; path = AppDelegate.m; sourceTree = "<group>"; };
		DDCEA86B154E41D20089A98F /* en */ = {isa = PBXFileReference; lastKnownFileType = file.storyboard; name = en; path = en.lproj/MainStoryboard_iPhone.storyboard; sourceTree = "<group>"; };
		DDCEA86E154E41D20089A98F /* en */ = {isa = PBXFileReference; lastKnownFileType = file.storyboard; name = en; path = en.lproj/MainStoryboard_iPad.storyboard; sourceTree = "<group>"; };
		DDCEA870154E41D20089A98F /* ViewController.h */ = {isa = PBXFileReference; lastKnownFileType = sourcecode.c.h; path = ViewController.h; sourceTree = "<group>"; };
		DDCEA871154E41D20089A98F /* ViewController.m */ = {isa = PBXFileReference; lastKnownFileType = sourcecode.c.objc; path = ViewController.m; sourceTree = "<group>"; };
		DDCEA879154E420B0089A98F /* toolbar_bottom.png */ = {isa = PBXFileReference; lastKnownFileType = image.png; path = toolbar_bottom.png; sourceTree = "<group>"; };
		DDCEA87B154E42160089A98F /* toolbar_top.png */ = {isa = PBXFileReference; lastKnownFileType = image.png; path = toolbar_top.png; sourceTree = "<group>"; };
		DDCEA87D154E45190089A98F /* star_on.png */ = {isa = PBXFileReference; lastKnownFileType = image.png; path = star_on.png; sourceTree = "<group>"; };
		DDCEA87F154E45240089A98F /* star_off.png */ = {isa = PBXFileReference; lastKnownFileType = image.png; path = star_off.png; sourceTree = "<group>"; };
		DDCEA883154E45900089A98F /* spisok_off.png */ = {isa = PBXFileReference; lastKnownFileType = image.png; path = spisok_off.png; sourceTree = "<group>"; };
		DDCEA885154E45980089A98F /* spisok_on.png */ = {isa = PBXFileReference; lastKnownFileType = image.png; path = spisok_on.png; sourceTree = "<group>"; };
		DDCEA887154E45A10089A98F /* spisok_top_toolbar.png */ = {isa = PBXFileReference; lastKnownFileType = image.png; path = spisok_top_toolbar.png; sourceTree = "<group>"; };
		DDCEA889154E4E7F0089A98F /* square_for_picture_.png */ = {isa = PBXFileReference; lastKnownFileType = image.png; path = square_for_picture_.png; sourceTree = "<group>"; };
		DDD9FA4C15D3342900680C79 /* bottom_place.png */ = {isa = PBXFileReference; lastKnownFileType = image.png; path = bottom_place.png; sourceTree = "<group>"; };
		DDD9FA4D15D3342900680C79 /* center_place.png */ = {isa = PBXFileReference; lastKnownFileType = image.png; path = center_place.png; sourceTree = "<group>"; };
		DDD9FA4E15D3342900680C79 /* top_place.png */ = {isa = PBXFileReference; lastKnownFileType = image.png; path = top_place.png; sourceTree = "<group>"; };
		DDFD8A761607E665007A60CA /* back_for_button.png */ = {isa = PBXFileReference; lastKnownFileType = image.png; path = back_for_button.png; sourceTree = "<group>"; };
		DDFD8A7D1607EA22007A60CA /* background.jpg */ = {isa = PBXFileReference; lastKnownFileType = image.jpeg; path = background.jpg; sourceTree = "<group>"; };
		DDFD8A7F1607EADC007A60CA /* back-place2.png */ = {isa = PBXFileReference; lastKnownFileType = image.png; path = "back-place2.png"; sourceTree = "<group>"; };
		DDFD8A811607EB1C007A60CA /* background_for_photo.png */ = {isa = PBXFileReference; lastKnownFileType = image.png; path = background_for_photo.png; sourceTree = "<group>"; };
		DDFD8A831607EB6D007A60CA /* plase_for_header.png */ = {isa = PBXFileReference; lastKnownFileType = image.png; path = plase_for_header.png; sourceTree = "<group>"; };
/* End PBXFileReference section */

/* Begin PBXFrameworksBuildPhase section */
		DDCEA851154E41D20089A98F /* Frameworks */ = {
			isa = PBXFrameworksBuildPhase;
			buildActionMask = 2147483647;
			files = (
				DDCEA859154E41D20089A98F /* UIKit.framework in Frameworks */,
				DDCEA85B154E41D20089A98F /* Foundation.framework in Frameworks */,
				DDCEA85D154E41D20089A98F /* CoreGraphics.framework in Frameworks */,
			);
			runOnlyForDeploymentPostprocessing = 0;
		};
/* End PBXFrameworksBuildPhase section */

/* Begin PBXGroup section */
		DD2DA18515BBACB70074493F /* 2nd */ = {
			isa = PBXGroup;
			children = (
				DDFD8A761607E665007A60CA /* back_for_button.png */,
				9C73DDB616228545004B42C9 /* button_position1.png */,
				9C73DDB916228551004B42C9 /* button_position2.png */,
				DDD9FA4C15D3342900680C79 /* bottom_place.png */,
				DDD9FA4D15D3342900680C79 /* center_place.png */,
				DDD9FA4E15D3342900680C79 /* top_place.png */,
			);
			name = 2nd;
			sourceTree = "<group>";
		};
		DDCABA331628FDBC001DEBA1 /* fwdgoodfont */ = {
			isa = PBXGroup;
			children = (
				DDCABA341628FDBD001DEBA1 /* Good-Black.otf */,
				DDCABA351628FDBD001DEBA1 /* Good-Book.otf */,
				DDCABA361628FDBD001DEBA1 /* Good-Light.otf */,
			);
			path = fwdgoodfont;
			sourceTree = "<group>";
		};
		DDCEA849154E41D20089A98F = {
			isa = PBXGroup;
			children = (
				9C02B59B162D13F200FAE4B5 /* Default-568h@2x.png */,
				9C02B598162D13EC00FAE4B5 /* Default@2x.png */,
				DD1FE1D815E5E1F0001A1736 /* BarbutoIcon-72.png */,
				DD1FE1D615E5E128001A1736 /* BarbutoIcon-57.png */,
				DD1FE1D315E5E10B001A1736 /* BarbutoIcon_114.png */,
				DD9D659215D511D0004B6EA7 /* Settings.bundle */,
				DDCEA85E154E41D20089A98F /* new7steps */,
				DDCEA857154E41D20089A98F /* Frameworks */,
				DDCEA855154E41D20089A98F /* Products */,
			);
			sourceTree = "<group>";
		};
		DDCEA855154E41D20089A98F /* Products */ = {
			isa = PBXGroup;
			children = (
				DDCEA854154E41D20089A98F /* new7steps.app */,
			);
			name = Products;
			sourceTree = "<group>";
		};
		DDCEA857154E41D20089A98F /* Frameworks */ = {
			isa = PBXGroup;
			children = (
				DDCEA858154E41D20089A98F /* UIKit.framework */,
				DDCEA85A154E41D20089A98F /* Foundation.framework */,
				DDCEA85C154E41D20089A98F /* CoreGraphics.framework */,
			);
			name = Frameworks;
			sourceTree = "<group>";
		};
		DDCEA85E154E41D20089A98F /* new7steps */ = {
			isa = PBXGroup;
			children = (
				DDCABA331628FDBC001DEBA1 /* fwdgoodfont */,
				DDCEA88B154E501D0089A98F /* Meals */,
				DDCEA878154E41F10089A98F /* Interface */,
				DDCEA867154E41D20089A98F /* AppDelegate.h */,
				DDCEA868154E41D20089A98F /* AppDelegate.m */,
				DDCEA86A154E41D20089A98F /* MainStoryboard_iPhone.storyboard */,
				DDCEA86D154E41D20089A98F /* MainStoryboard_iPad.storyboard */,
				DDCEA870154E41D20089A98F /* ViewController.h */,
				DDCEA871154E41D20089A98F /* ViewController.m */,
				DD2DA18615BBADFA0074493F /* ViewController2.h */,
				DD2DA18715BBADFA0074493F /* ViewController2.m */,
				9C1490351611CFFB0016A83E /* AboutController.h */,
				9C1490361611CFFB0016A83E /* AboutController.m */,
				DD51459B15DDD01100388BF6 /* Transit.h */,
				DD51459C15DDD01100388BF6 /* Transit.m */,
				36D50F2D15AAA0C400D53641 /* Item.h */,
				36D50F2E15AAA0C400D53641 /* Item.m */,
				9CFCFB311631027300F555DD /* Step.h */,
				9CFCFB321631027300F555DD /* Step.m */,
				36D50F3015AAA16800D53641 /* Common.h */,
				36D50F3115AAA16800D53641 /* Common.m */,
				3661C75315AAA009007B5C56 /* XMLParser.h */,
				3661C75415AAA009007B5C56 /* XMLParser.m */,
				DDCEA85F154E41D20089A98F /* Supporting Files */,
				9C02B59D162D1C9F00FAE4B5 /* FlipTopPopToRoot.h */,
				9C02B59E162D1C9F00FAE4B5 /* FlipTopPopToRoot.m */,
			);
			path = new7steps;
			sourceTree = "<group>";
		};
		DDCEA85F154E41D20089A98F /* Supporting Files */ = {
			isa = PBXGroup;
			children = (
				DDCEA860154E41D20089A98F /* new7steps-Info.plist */,
				DDCEA861154E41D20089A98F /* InfoPlist.strings */,
				DDCEA864154E41D20089A98F /* main.m */,
				DDCEA866154E41D20089A98F /* new7steps-Prefix.pch */,
				DD6E857115D4DCE2008052EC /* Localizable.strings */,
			);
			name = "Supporting Files";
			sourceTree = "<group>";
		};
		DDCEA878154E41F10089A98F /* Interface */ = {
			isa = PBXGroup;
			children = (
				DDF2565315DB8F39001A3177 /* 3d */,
				DD2DA18515BBACB70074493F /* 2nd */,
				DDCEA879154E420B0089A98F /* toolbar_bottom.png */,
				DDCEA87B154E42160089A98F /* toolbar_top.png */,
				DDCEA87D154E45190089A98F /* star_on.png */,
				DDCEA87F154E45240089A98F /* star_off.png */,
				DDCEA883154E45900089A98F /* spisok_off.png */,
				DDCEA885154E45980089A98F /* spisok_on.png */,
				9C73DDC016228E2B004B42C9 /* spisok_new_ON.png */,
				9C73DDC116228E2C004B42C9 /* spisok_new.png */,
				DDCEA887154E45A10089A98F /* spisok_top_toolbar.png */,
				DDCEA889154E4E7F0089A98F /* square_for_picture_.png */,
				36FA183A1553935800F1F703 /* square_for_picture_new.png */,
				DDFD8A831607EB6D007A60CA /* plase_for_header.png */,
				DDFD8A811607EB1C007A60CA /* background_for_photo.png */,
				DDFD8A7F1607EADC007A60CA /* back-place2.png */,
				DDFD8A7D1607EA22007A60CA /* background.jpg */,
				364003741553E9BC00C4725D /* FACEBOOK_back.png */,
			);
			name = Interface;
			sourceTree = "<group>";
		};
		DDCEA88B154E501D0089A98F /* Meals */ = {
			isa = PBXGroup;
			children = (
				36C0C5731552984D0087EEAA /* desc.plist */,
			);
			name = Meals;
			sourceTree = "<group>";
		};
		DDF2565315DB8F39001A3177 /* 3d */ = {
			isa = PBXGroup;
			children = (
				DD51458A15DDBB4900388BF6 /* bottom_pict_place1.png */,
				DD51458B15DDBB4900388BF6 /* step_1.png */,
				DD51458C15DDBB4900388BF6 /* step_2.png */,
				DD51458D15DDBB4900388BF6 /* step_3.png */,
				DD51458E15DDBB4900388BF6 /* step_4.png */,
				DD51458F15DDBB4900388BF6 /* step_5.png */,
				DD51459015DDBB4900388BF6 /* step_6.png */,
				DD51459115DDBB4900388BF6 /* step_7.png */,
			);
			name = 3d;
			sourceTree = "<group>";
		};
/* End PBXGroup section */

/* Begin PBXNativeTarget section */
		DDCEA853154E41D20089A98F /* new7steps */ = {
			isa = PBXNativeTarget;
			buildConfigurationList = DDCEA875154E41D20089A98F /* Build configuration list for PBXNativeTarget "new7steps" */;
			buildPhases = (
				DDCEA850154E41D20089A98F /* Sources */,
				DDCEA851154E41D20089A98F /* Frameworks */,
				DDCEA852154E41D20089A98F /* Resources */,
			);
			buildRules = (
			);
			dependencies = (
			);
			name = new7steps;
			productName = new7steps;
			productReference = DDCEA854154E41D20089A98F /* new7steps.app */;
			productType = "com.apple.product-type.application";
		};
/* End PBXNativeTarget section */

/* Begin PBXProject section */
		DDCEA84B154E41D20089A98F /* Project object */ = {
			isa = PBXProject;
			attributes = {
				LastUpgradeCheck = 0430;
			};
			buildConfigurationList = DDCEA84E154E41D20089A98F /* Build configuration list for PBXProject "new7steps" */;
			compatibilityVersion = "Xcode 3.2";
			developmentRegion = English;
			hasScannedForEncodings = 0;
			knownRegions = (
				en,
				de,
				ru,
				es,
			);
			mainGroup = DDCEA849154E41D20089A98F;
			productRefGroup = DDCEA855154E41D20089A98F /* Products */;
			projectDirPath = "";
			projectRoot = "";
			targets = (
				DDCEA853154E41D20089A98F /* new7steps */,
			);
		};
/* End PBXProject section */

/* Begin PBXResourcesBuildPhase section */
		DDCEA852154E41D20089A98F /* Resources */ = {
			isa = PBXResourcesBuildPhase;
			buildActionMask = 2147483647;
			files = (
				DDCEA863154E41D20089A98F /* InfoPlist.strings in Resources */,
				DDCEA86C154E41D20089A98F /* MainStoryboard_iPhone.storyboard in Resources */,
				DDCEA86F154E41D20089A98F /* MainStoryboard_iPad.storyboard in Resources */,
				DDCEA87A154E420B0089A98F /* toolbar_bottom.png in Resources */,
				DDCEA87C154E42160089A98F /* toolbar_top.png in Resources */,
				DDCEA87E154E45190089A98F /* star_on.png in Resources */,
				DDCEA880154E45240089A98F /* star_off.png in Resources */,
				DDCEA884154E45900089A98F /* spisok_off.png in Resources */,
				DDCEA886154E45980089A98F /* spisok_on.png in Resources */,
				DDCEA888154E45A10089A98F /* spisok_top_toolbar.png in Resources */,
				DDCEA88A154E4E7F0089A98F /* square_for_picture_.png in Resources */,
				36C0C5741552984D0087EEAA /* desc.plist in Resources */,
				36FA183B1553935800F1F703 /* square_for_picture_new.png in Resources */,
				364003751553E9BC00C4725D /* FACEBOOK_back.png in Resources */,
				DDD9FA4F15D3342900680C79 /* bottom_place.png in Resources */,
				DDD9FA5015D3342900680C79 /* center_place.png in Resources */,
				DDD9FA5115D3342900680C79 /* top_place.png in Resources */,
				DD6E856F15D4DCE2008052EC /* Localizable.strings in Resources */,
				DD9D659315D511D0004B6EA7 /* Settings.bundle in Resources */,
				DD51459215DDBB4900388BF6 /* bottom_pict_place1.png in Resources */,
				DD51459315DDBB4900388BF6 /* step_1.png in Resources */,
				DD51459415DDBB4900388BF6 /* step_2.png in Resources */,
				DD51459515DDBB4900388BF6 /* step_3.png in Resources */,
				DD51459615DDBB4900388BF6 /* step_4.png in Resources */,
				DD51459715DDBB4900388BF6 /* step_5.png in Resources */,
				DD51459815DDBB4900388BF6 /* step_6.png in Resources */,
				DD51459915DDBB4900388BF6 /* step_7.png in Resources */,
				DD1FE1D415E5E10B001A1736 /* BarbutoIcon_114.png in Resources */,
				DD1FE1D715E5E128001A1736 /* BarbutoIcon-57.png in Resources */,
				DD1FE1D915E5E1F0001A1736 /* BarbutoIcon-72.png in Resources */,
				DDFD8A791607E665007A60CA /* back_for_button.png in Resources */,
				9C73DDB416228545004B42C9 /* button_position1.png in Resources */,
				9C73DDB716228551004B42C9 /* button_position2.png in Resources */,
				DDFD8A7E1607EA22007A60CA /* background.jpg in Resources */,
				DDFD8A801607EADC007A60CA /* back-place2.png in Resources */,
				DDFD8A821607EB1C007A60CA /* background_for_photo.png in Resources */,
				DDFD8A841607EB6D007A60CA /* plase_for_header.png in Resources */,
				9C73DDC216228E2C004B42C9 /* spisok_new_ON.png in Resources */,
				9C73DDC316228E2C004B42C9 /* spisok_new.png in Resources */,
				DDCABA371628FDBD001DEBA1 /* Good-Black.otf in Resources */,
				DDCABA381628FDBD001DEBA1 /* Good-Book.otf in Resources */,
				DDCABA391628FDBD001DEBA1 /* Good-Light.otf in Resources */,
				9C02B599162D13EC00FAE4B5 /* Default@2x.png in Resources */,
				9C02B59C162D13F200FAE4B5 /* Default-568h@2x.png in Resources */,
			);
			runOnlyForDeploymentPostprocessing = 0;
		};
/* End PBXResourcesBuildPhase section */

/* Begin PBXSourcesBuildPhase section */
		DDCEA850154E41D20089A98F /* Sources */ = {
			isa = PBXSourcesBuildPhase;
			buildActionMask = 2147483647;
			files = (
				36D50F3A15AAD8F700D53641 /* Item.m in Sources */,
				DDCEA865154E41D20089A98F /* main.m in Sources */,
				DDCEA869154E41D20089A98F /* AppDelegate.m in Sources */,
				DDCEA872154E41D20089A98F /* ViewController.m in Sources */,
				3661C75515AAA009007B5C56 /* XMLParser.m in Sources */,
				36D50F3215AAA16900D53641 /* Common.m in Sources */,
				DD2DA18815BBADFA0074493F /* ViewController2.m in Sources */,
				DD51459D15DDD01200388BF6 /* Transit.m in Sources */,
				9C1490371611CFFB0016A83E /* AboutController.m in Sources */,
				9C02B59F162D1C9F00FAE4B5 /* FlipTopPopToRoot.m in Sources */,
				9CFCFB331631027300F555DD /* Step.m in Sources */,
			);
			runOnlyForDeploymentPostprocessing = 0;
		};
/* End PBXSourcesBuildPhase section */

/* Begin PBXVariantGroup section */
		9C73DDB616228545004B42C9 /* button_position1.png */ = {
			isa = PBXVariantGroup;
			children = (
				9C73DDB516228545004B42C9 /* ru */,
				9C73DDBA16228563004B42C9 /* en */,
				9C73DDBB16228565004B42C9 /* de */,
				9C73DDBC16228568004B42C9 /* es */,
			);
			name = button_position1.png;
			sourceTree = "<group>";
		};
		9C73DDB916228551004B42C9 /* button_position2.png */ = {
			isa = PBXVariantGroup;
			children = (
				9C73DDB816228551004B42C9 /* ru */,
				9C73DDBD16228575004B42C9 /* en */,
				9C73DDBE16228576004B42C9 /* de */,
				9C73DDBF16228577004B42C9 /* es */,
			);
			name = button_position2.png;
			sourceTree = "<group>";
		};
		DD6E857115D4DCE2008052EC /* Localizable.strings */ = {
			isa = PBXVariantGroup;
			children = (
				DD6E857015D4DCE2008052EC /* en */,
				DD6E857215D4DCEA008052EC /* de */,
				DD6E857315D4DCEB008052EC /* ru */,
				DD6E857415D4DCED008052EC /* es */,
			);
			name = Localizable.strings;
			sourceTree = "<group>";
		};
		DDCEA861154E41D20089A98F /* InfoPlist.strings */ = {
			isa = PBXVariantGroup;
			children = (
				DDCEA862154E41D20089A98F /* en */,
				DD6E856915D4D68F008052EC /* de */,
				DD6E856A15D4D6A6008052EC /* ru */,
				DD6E856B15D4D6AE008052EC /* es */,
			);
			name = InfoPlist.strings;
			sourceTree = "<group>";
		};
		DDCEA86A154E41D20089A98F /* MainStoryboard_iPhone.storyboard */ = {
			isa = PBXVariantGroup;
			children = (
				DDCEA86B154E41D20089A98F /* en */,
			);
			name = MainStoryboard_iPhone.storyboard;
			sourceTree = "<group>";
		};
		DDCEA86D154E41D20089A98F /* MainStoryboard_iPad.storyboard */ = {
			isa = PBXVariantGroup;
			children = (
				DDCEA86E154E41D20089A98F /* en */,
			);
			name = MainStoryboard_iPad.storyboard;
			sourceTree = "<group>";
		};
/* End PBXVariantGroup section */

/* Begin XCBuildConfiguration section */
		DDCEA873154E41D20089A98F /* Debug */ = {
			isa = XCBuildConfiguration;
			buildSettings = {
				ALWAYS_SEARCH_USER_PATHS = NO;
				ARCHS = "$(ARCHS_STANDARD_32_BIT)";
				CLANG_ENABLE_OBJC_ARC = YES;
				CODE_SIGN_IDENTITY = "iPhone Developer: VADIM KASSIN (BT4MEDVR32)";
				"CODE_SIGN_IDENTITY[sdk=iphoneos*]" = "iPhone Developer: VADIM KASSIN (BT4MEDVR32)";
				COPY_PHASE_STRIP = NO;
				GCC_C_LANGUAGE_STANDARD = gnu99;
				GCC_DYNAMIC_NO_PIC = NO;
				GCC_OPTIMIZATION_LEVEL = 0;
				GCC_PREPROCESSOR_DEFINITIONS = (
					"DEBUG=1",
					"$(inherited)",
				);
				GCC_SYMBOLS_PRIVATE_EXTERN = NO;
				GCC_VERSION = com.apple.compilers.llvm.clang.1_0;
				GCC_WARN_ABOUT_RETURN_TYPE = YES;
				GCC_WARN_UNINITIALIZED_AUTOS = YES;
				GCC_WARN_UNUSED_VARIABLE = YES;
				IPHONEOS_DEPLOYMENT_TARGET = 5.1;
				PROVISIONING_PROFILE = "A7E3A7A2-2738-4A5A-A5DC-2D4AE1046E10";
				"PROVISIONING_PROFILE[sdk=iphoneos*]" = "A7E3A7A2-2738-4A5A-A5DC-2D4AE1046E10";
				SDKROOT = iphoneos;
				TARGETED_DEVICE_FAMILY = "1,2";
			};
			name = Debug;
		};
		DDCEA874154E41D20089A98F /* Release */ = {
			isa = XCBuildConfiguration;
			buildSettings = {
				ALWAYS_SEARCH_USER_PATHS = NO;
				ARCHS = "$(ARCHS_STANDARD_32_BIT)";
				CLANG_ENABLE_OBJC_ARC = YES;
				CODE_SIGN_IDENTITY = "iPhone Developer: VADIM KASSIN (BT4MEDVR32)";
				"CODE_SIGN_IDENTITY[sdk=iphoneos*]" = "iPhone Developer: VADIM KASSIN (BT4MEDVR32)";
				COPY_PHASE_STRIP = YES;
				GCC_C_LANGUAGE_STANDARD = gnu99;
				GCC_VERSION = com.apple.compilers.llvm.clang.1_0;
				GCC_WARN_ABOUT_RETURN_TYPE = YES;
				GCC_WARN_UNINITIALIZED_AUTOS = YES;
				GCC_WARN_UNUSED_VARIABLE = YES;
				IPHONEOS_DEPLOYMENT_TARGET = 5.1;
				OTHER_CFLAGS = "-DNS_BLOCK_ASSERTIONS=1";
				PROVISIONING_PROFILE = "A7E3A7A2-2738-4A5A-A5DC-2D4AE1046E10";
				"PROVISIONING_PROFILE[sdk=iphoneos*]" = "A7E3A7A2-2738-4A5A-A5DC-2D4AE1046E10";
				SDKROOT = iphoneos;
				TARGETED_DEVICE_FAMILY = "1,2";
				VALIDATE_PRODUCT = YES;
			};
			name = Release;
		};
		DDCEA876154E41D20089A98F /* Debug */ = {
			isa = XCBuildConfiguration;
			buildSettings = {
				CODE_SIGN_IDENTITY = "iPhone Developer: VADIM KASSIN (BT4MEDVR32)";
				"CODE_SIGN_IDENTITY[sdk=iphoneos*]" = "iPhone Developer: VADIM KASSIN (BT4MEDVR32)";
				GCC_PRECOMPILE_PREFIX_HEADER = YES;
				GCC_PREFIX_HEADER = "new7steps/new7steps-Prefix.pch";
				INFOPLIST_FILE = "new7steps/new7steps-Info.plist";
				PRODUCT_NAME = "$(TARGET_NAME)";
				PROVISIONING_PROFILE = "A7E3A7A2-2738-4A5A-A5DC-2D4AE1046E10";
				"PROVISIONING_PROFILE[sdk=iphoneos*]" = "A7E3A7A2-2738-4A5A-A5DC-2D4AE1046E10";
				WRAPPER_EXTENSION = app;
			};
			name = Debug;
		};
		DDCEA877154E41D20089A98F /* Release */ = {
			isa = XCBuildConfiguration;
			buildSettings = {
				CODE_SIGN_IDENTITY = "iPhone Developer: VADIM KASSIN (BT4MEDVR32)";
				"CODE_SIGN_IDENTITY[sdk=iphoneos*]" = "iPhone Developer: VADIM KASSIN (BT4MEDVR32)";
				GCC_PRECOMPILE_PREFIX_HEADER = YES;
				GCC_PREFIX_HEADER = "new7steps/new7steps-Prefix.pch";
				INFOPLIST_FILE = "new7steps/new7steps-Info.plist";
				PRODUCT_NAME = "$(TARGET_NAME)";
				PROVISIONING_PROFILE = "A7E3A7A2-2738-4A5A-A5DC-2D4AE1046E10";
				"PROVISIONING_PROFILE[sdk=iphoneos*]" = "A7E3A7A2-2738-4A5A-A5DC-2D4AE1046E10";
				WRAPPER_EXTENSION = app;
			};
			name = Release;
		};
/* End XCBuildConfiguration section */

/* Begin XCConfigurationList section */
		DDCEA84E154E41D20089A98F /* Build configuration list for PBXProject "new7steps" */ = {
			isa = XCConfigurationList;
			buildConfigurations = (
				DDCEA873154E41D20089A98F /* Debug */,
				DDCEA874154E41D20089A98F /* Release */,
			);
			defaultConfigurationIsVisible = 0;
			defaultConfigurationName = Release;
		};
		DDCEA875154E41D20089A98F /* Build configuration list for PBXNativeTarget "new7steps" */ = {
			isa = XCConfigurationList;
			buildConfigurations = (
				DDCEA876154E41D20089A98F /* Debug */,
				DDCEA877154E41D20089A98F /* Release */,
			);
			defaultConfigurationIsVisible = 0;
			defaultConfigurationName = Release;
		};
/* End XCConfigurationList section */
	};
	rootObject = DDCEA84B154E41D20089A98F /* Project object */;
}
